// !$*UTF8*$!
{
	archiveVersion = 1;
	classes = {
	};
	objectVersion = 46;
	objects = {

/* Begin PBXBuildFile section */
		AE5680F21E5DCBD4009B3182 /* main.m in Sources */ = {isa = PBXBuildFile; fileRef = AE5680F11E5DCBD4009B3182 /* main.m */; };
		AE5680F51E5DCBD4009B3182 /* AppDelegate.m in Sources */ = {isa = PBXBuildFile; fileRef = AE5680F41E5DCBD4009B3182 /* AppDelegate.m */; };
		AE5680F81E5DCBD4009B3182 /* ViewController.m in Sources */ = {isa = PBXBuildFile; fileRef = AE5680F71E5DCBD4009B3182 /* ViewController.m */; };
		AE5680FB1E5DCBD4009B3182 /* Main.storyboard in Resources */ = {isa = PBXBuildFile; fileRef = AE5680F91E5DCBD4009B3182 /* Main.storyboard */; };
		AE5680FD1E5DCBD4009B3182 /* Assets.xcassets in Resources */ = {isa = PBXBuildFile; fileRef = AE5680FC1E5DCBD4009B3182 /* Assets.xcassets */; };
		AE5681001E5DCBD4009B3182 /* LaunchScreen.storyboard in Resources */ = {isa = PBXBuildFile; fileRef = AE5680FE1E5DCBD4009B3182 /* LaunchScreen.storyboard */; };
/* End PBXBuildFile section */

/* Begin PBXFileReference section */
		AE5680ED1E5DCBD4009B3182 /* Test.app */ = {isa = PBXFileReference; explicitFileType = wrapper.application; includeInIndex = 0; path = Test.app; sourceTree = BUILT_PRODUCTS_DIR; };
		AE5680F11E5DCBD4009B3182 /* main.m */ = {isa = PBXFileReference; lastKnownFileType = sourcecode.c.objc; path = main.m; sourceTree = "<group>"; };
		AE5680F31E5DCBD4009B3182 /* AppDelegate.h */ = {isa = PBXFileReference; lastKnownFileType = sourcecode.c.h; path = AppDelegate.h; sourceTree = "<group>"; };
		AE5680F41E5DCBD4009B3182 /* AppDelegate.m */ = {isa = PBXFileReference; lastKnownFileType = sourcecode.c.objc; path = AppDelegate.m; sourceTree = "<group>"; };
		AE5680F61E5DCBD4009B3182 /* ViewController.h */ = {isa = PBXFileReference; lastKnownFileType = sourcecode.c.h; path = ViewController.h; sourceTree = "<group>"; };
		AE5680F71E5DCBD4009B3182 /* ViewController.m */ = {isa = PBXFileReference; lastKnownFileType = sourcecode.c.objc; path = ViewController.m; sourceTree = "<group>"; };
		AE5680FA1E5DCBD4009B3182 /* Base */ = {isa = PBXFileReference; lastKnownFileType = file.storyboard; name = Base; path = Base.lproj/Main.storyboard; sourceTree = "<group>"; };
		AE5680FC1E5DCBD4009B3182 /* Assets.xcassets */ = {isa = PBXFileReference; lastKnownFileType = folder.assetcatalog; path = Assets.xcassets; sourceTree = "<group>"; };
		AE5680FF1E5DCBD4009B3182 /* Base */ = {isa = PBXFileReference; lastKnownFileType = file.storyboard; name = Base; path = Base.lproj/LaunchScreen.storyboard; sourceTree = "<group>"; };
		AE5681011E5DCBD4009B3182 /* Info.plist */ = {isa = PBXFileReference; lastKnownFileType = text.plist.xml; path = Info.plist; sourceTree = "<group>"; };
/* End PBXFileReference section */

/* Begin PBXFrameworksBuildPhase section */
		AE5680EA1E5DCBD4009B3182 /* Frameworks */ = {
			isa = PBXFrameworksBuildPhase;
			buildActionMask = 2147483647;
			files = (
			);
			runOnlyForDeploymentPostprocessing = 0;
		};
/* End PBXFrameworksBuildPhase section */

/* Begin PBXGroup section */
		AE5680E41E5DCBD4009B3182 = {
			isa = PBXGroup;
			children = (
				AE5680EF1E5DCBD4009B3182 /* Test */,
				AE5680EE1E5DCBD4009B3182 /* Products */,
			);
			sourceTree = "<group>";
		};
		AE5680EE1E5DCBD4009B3182 /* Products */ = {
			isa = PBXGroup;
			children = (
				AE5680ED1E5DCBD4009B3182 /* Test.app */,
			);
			name = Products;
			sourceTree = "<group>";
		};
		AE5680EF1E5DCBD4009B3182 /* Test */ = {
			isa = PBXGroup;
			children = (
				AE5680F31E5DCBD4009B3182 /* AppDelegate.h */,
				AE5680F41E5DCBD4009B3182 /* AppDelegate.m */,
				AE5680F61E5DCBD4009B3182 /* ViewController.h */,
				AE5680F71E5DCBD4009B3182 /* ViewController.m */,
				AE5680F91E5DCBD4009B3182 /* Main.storyboard */,
				AE5680FC1E5DCBD4009B3182 /* Assets.xcassets */,
				AE5680FE1E5DCBD4009B3182 /* LaunchScreen.storyboard */,
				AE5681011E5DCBD4009B3182 /* Info.plist */,
				AE5680F01E5DCBD4009B3182 /* Supporting Files */,
			);
			path = Test;
			sourceTree = "<group>";
		};
		AE5680F01E5DCBD4009B3182 /* Supporting Files */ = {
			isa = PBXGroup;
			children = (
				AE5680F11E5DCBD4009B3182 /* main.m */,
			);
			name = "Supporting Files";
			sourceTree = "<group>";
		};
/* End PBXGroup section */

/* Begin PBXNativeTarget section */
		AE5680EC1E5DCBD4009B3182 /* Test */ = {
			isa = PBXNativeTarget;
			buildConfigurationList = AE5681041E5DCBD4009B3182 /* Build configuration list for PBXNativeTarget "Test" */;
			buildPhases = (
				AE5680E91E5DCBD4009B3182 /* Sources */,
				AE5680EA1E5DCBD4009B3182 /* Frameworks */,
				AE5680EB1E5DCBD4009B3182 /* Resources */,
			);
			buildRules = (
			);
			dependencies = (
			);
			name = Test;
			productName = Test;
			productReference = AE5680ED1E5DCBD4009B3182 /* Test.app */;
			productType = "com.apple.product-type.application";
		};
/* End PBXNativeTarget section */

/* Begin PBXProject section */
		AE5680E51E5DCBD4009B3182 /* Project object */ = {
			isa = PBXProject;
			attributes = {
				LastUpgradeCheck = 0820;
				ORGANIZATIONNAME = suisuiyi;
				TargetAttributes = {
					AE5680EC1E5DCBD4009B3182 = {
						CreatedOnToolsVersion = 8.2.1;
						DevelopmentTeam = BXWZM4BL4Q;
						ProvisioningStyle = Automatic;
					};
				};
			};
			buildConfigurationList = AE5680E81E5DCBD4009B3182 /* Build configuration list for PBXProject "Test" */;
			compatibilityVersion = "Xcode 3.2";
			developmentRegion = English;
			hasScannedForEncodings = 0;
			knownRegions = (
				en,
				Base,
			);
			mainGroup = AE5680E41E5DCBD4009B3182;
			productRefGroup = AE5680EE1E5DCBD4009B3182 /* Products */;
			projectDirPath = "";
			projectRoot = "";
			targets = (
				AE5680EC1E5DCBD4009B3182 /* Test */,
			);
		};
/* End PBXProject section */

/* Begin PBXResourcesBuildPhase section */
		AE5680EB1E5DCBD4009B3182 /* Resources */ = {
			isa = PBXResourcesBuildPhase;
			buildActionMask = 2147483647;
			files = (
				AE5681001E5DCBD4009B3182 /* LaunchScreen.storyboard in Resources */,
				AE5680FD1E5DCBD4009B3182 /* Assets.xcassets in Resources */,
				AE5680FB1E5DCBD4009B3182 /* Main.storyboard in Resources */,
			);
			runOnlyForDeploymentPostprocessing = 0;
		};
/* End PBXResourcesBuildPhase section */

/* Begin PBXSourcesBuildPhase section */
		AE5680E91E5DCBD4009B3182 /* Sources */ = {
			isa = PBXSourcesBuildPhase;
			buildActionMask = 2147483647;
			files = (
				AE5680F81E5DCBD4009B3182 /* ViewController.m in Sources */,
				AE5680F51E5DCBD4009B3182 /* AppDelegate.m in Sources */,
				AE5680F21E5DCBD4009B3182 /* main.m in Sources */,
			);
			runOnlyForDeploymentPostprocessing = 0;
		};
/* End PBXSourcesBuildPhase section */

/* Begin PBXVariantGroup section */
		AE5680F91E5DCBD4009B3182 /* Main.storyboard */ = {
			isa = PBXVariantGroup;
			children = (
				AE5680FA1E5DCBD4009B3182 /* Base */,
			);
			name = Main.storyboard;
			sourceTree = "<group>";
		};
		AE5680FE1E5DCBD4009B3182 /* LaunchScreen.storyboard */ = {
			isa = PBXVariantGroup;
			children = (
				AE5680FF1E5DCBD4009B3182 /* Base */,
			);
			name = LaunchScreen.storyboard;
			sourceTree = "<group>";
		};
/* End PBXVariantGroup section */

/* Begin XCBuildConfiguration section */
		AE5681021E5DCBD4009B3182 /* Debug */ = {
			isa = XCBuildConfiguration;
			buildSettings = {
				ALWAYS_SEARCH_USER_PATHS = NO;
				CLANG_ANALYZER_NONNULL = YES;
				CLANG_CXX_LANGUAGE_STANDARD = "gnu++0x";
				CLANG_CXX_LIBRARY = "libc++";
				CLANG_ENABLE_MODULES = YES;
				CLANG_ENABLE_OBJC_ARC = YES;
				CLANG_WARN_BOOL_CONVERSION = YES;
				CLANG_WARN_CONSTANT_CONVERSION = YES;
				CLANG_WARN_DIRECT_OBJC_ISA_USAGE = YES_ERROR;
				CLANG_WARN_DOCUMENTATION_COMMENTS = YES;
				CLANG_WARN_EMPTY_BODY = YES;
				CLANG_WARN_ENUM_CONVERSION = YES;
				CLANG_WARN_INFINITE_RECURSION = YES;
				CLANG_WARN_INT_CONVERSION = YES;
				CLANG_WARN_OBJC_ROOT_CLASS = YES_ERROR;
				CLANG_WARN_SUSPICIOUS_MOVE = YES;
				CLANG_WARN_UNREACHABLE_CODE = YES;
				CLANG_WARN__DUPLICATE_METHOD_MATCH = YES;
				"CODE_SIGN_IDENTITY[sdk=iphoneos*]" = "iPhone Developer";
				COPY_PHASE_STRIP = NO;
				DEBUG_INFORMATION_FORMAT = dwarf;
				ENABLE_STRICT_OBJC_MSGSEND = YES;
				ENABLE_TESTABILITY = YES;
				GCC_C_LANGUAGE_STANDARD = gnu99;
				GCC_DYNAMIC_NO_PIC = NO;
				GCC_NO_COMMON_BLOCKS = YES;
				GCC_OPTIMIZATION_LEVEL = 0;
				GCC_PREPROCESSOR_DEFINITIONS = (
					"DEBUG=1",
					"$(inherited)",
				);
				GCC_WARN_64_TO_32_BIT_CONVERSION = YES;
				GCC_WARN_ABOUT_RETURN_TYPE = YES_ERROR;
				GCC_WARN_UNDECLARED_SELECTOR = YES;
				GCC_WARN_UNINITIALIZED_AUTOS = YES_AGGRESSIVE;
				GCC_WARN_UNUSED_FUNCTION = YES;
				GCC_WARN_UNUSED_VARIABLE = YES;
				IPHONEOS_DEPLOYMENT_TARGET = 10.2;
				MTL_ENABLE_DEBUG_INFO = YES;
				ONLY_ACTIVE_ARCH = YES;
				SDKROOT = iphoneos;
			};
			name = Debug;
		};
		AE5681031E5DCBD4009B3182 /* Release */ = {
			isa = XCBuildConfiguration;
			buildSettings = {
				ALWAYS_SEARCH_USER_PATHS = NO;
				CLANG_ANALYZER_NONNULL = YES;
				CLANG_CXX_LANGUAGE_STANDARD = "gnu++0x";
				CLANG_CXX_LIBRARY = "libc++";
				CLANG_ENABLE_MODULES = YES;
				CLANG_ENABLE_OBJC_ARC = YES;
				CLANG_WARN_BOOL_CONVERSION = YES;
				CLANG_WARN_CONSTANT_CONVERSION = YES;
				CLANG_WARN_DIRECT_OBJC_ISA_USAGE = YES_ERROR;
				CLANG_WARN_DOCUMENTATION_COMMENTS = YES;
				CLANG_WARN_EMPTY_BODY = YES;
				CLANG_WARN_ENUM_CONVERSION = YES;
				CLANG_WARN_INFINITE_RECURSION = YES;
				CLANG_WARN_INT_CONVERSION = YES;
				CLANG_WARN_OBJC_ROOT_CLASS = YES_ERROR;
				CLANG_WARN_SUSPICIOUS_MOVE = YES;
				CLANG_WARN_UNREACHABLE_CODE = YES;
				CLANG_WARN__DUPLICATE_METHOD_MATCH = YES;
				"CODE_SIGN_IDENTITY[sdk=iphoneos*]" = "iPhone Developer";
				COPY_PHASE_STRIP = NO;
				DEBUG_INFORMATION_FORMAT = "dwarf-with-dsym";
				ENABLE_NS_ASSERTIONS = NO;
				ENABLE_STRICT_OBJC_MSGSEND = YES;
				GCC_C_LANGUAGE_STANDARD = gnu99;
				GCC_NO_COMMON_BLOCKS = YES;
				GCC_WARN_64_TO_32_BIT_CONVERSION = YES;
				GCC_WARN_ABOUT_RETURN_TYPE = YES_ERROR;
				GCC_WARN_UNDECLARED_SELECTOR = YES;
				GCC_WARN_UNINITIALIZED_AUTOS = YES_AGGRESSIVE;
				GCC_WARN_UNUSED_FUNCTION = YES;
				GCC_WARN_UNUSED_VARIABLE = YES;
				IPHONEOS_DEPLOYMENT_TARGET = 10.2;
				MTL_ENABLE_DEBUG_INFO = NO;
				SDKROOT = iphoneos;
				VALIDATE_PRODUCT = YES;
			};
			name = Release;
		};
		AE5681051E5DCBD4009B3182 /* Debug */ = {
			isa = XCBuildConfiguration;
			buildSettings = {
				ASSETCATALOG_COMPILER_APPICON_NAME = AppIcon;
				DEVELOPMENT_TEAM = BXWZM4BL4Q;
				INFOPLIST_FILE = Test/Info.plist;
				LD_RUNPATH_SEARCH_PATHS = "$(inherited) @executable_path/Frameworks";
				PRODUCT_BUNDLE_IDENTIFIER = self.edu.Test;
				PRODUCT_NAME = "$(TARGET_NAME)";
			};
			name = Debug;
		};
		AE5681061E5DCBD4009B3182 /* Release */ = {
			isa = XCBuildConfiguration;
			buildSettings = {
				ASSETCATALOG_COMPILER_APPICON_NAME = AppIcon;
				DEVELOPMENT_TEAM = BXWZM4BL4Q;
				INFOPLIST_FILE = Test/Info.plist;
				LD_RUNPATH_SEARCH_PATHS = "$(inherited) @executable_path/Frameworks";
				PRODUCT_BUNDLE_IDENTIFIER = self.edu.Test;
				PRODUCT_NAME = "$(TARGET_NAME)";
			};
			name = Release;
		};
/* End XCBuildConfiguration section */

/* Begin XCConfigurationList section */
		AE5680E81E5DCBD4009B3182 /* Build configuration list for PBXProject "Test" */ = {
			isa = XCConfigurationList;
			buildConfigurations = (
				AE5681021E5DCBD4009B3182 /* Debug */,
				AE5681031E5DCBD4009B3182 /* Release */,
			);
			defaultConfigurationIsVisible = 0;
			defaultConfigurationName = Release;
		};
		AE5681041E5DCBD4009B3182 /* Build configuration list for PBXNativeTarget "Test" */ = {
			isa = XCConfigurationList;
			buildConfigurations = (
				AE5681051E5DCBD4009B3182 /* Debug */,
				AE5681061E5DCBD4009B3182 /* Release */,
			);
			defaultConfigurationIsVisible = 0;
		};
/* End XCConfigurationList section */
	};
	rootObject = AE5680E51E5DCBD4009B3182 /* Project object */;
}
